// !$*UTF8*$!
{
	archiveVersion = 1;
	classes = {
	};
	objectVersion = 46;
	objects = {

/* Begin PBXBuildFile section */
		4AFA4AA51EE7CA6600B0E972 /* AppDelegate.swift in Sources */ = {isa = PBXBuildFile; fileRef = 4AFA4AA41EE7CA6600B0E972 /* AppDelegate.swift */; };
		4AFA4AA71EE7CA6600B0E972 /* ViewController.swift in Sources */ = {isa = PBXBuildFile; fileRef = 4AFA4AA61EE7CA6600B0E972 /* ViewController.swift */; };
		4AFA4AAA1EE7CA6600B0E972 /* Main.storyboard in Resources */ = {isa = PBXBuildFile; fileRef = 4AFA4AA81EE7CA6600B0E972 /* Main.storyboard */; };
		4AFA4AAC1EE7CA6700B0E972 /* Assets.xcassets in Resources */ = {isa = PBXBuildFile; fileRef = 4AFA4AAB1EE7CA6700B0E972 /* Assets.xcassets */; };
		4AFA4AAF1EE7CA6700B0E972 /* LaunchScreen.storyboard in Resources */ = {isa = PBXBuildFile; fileRef = 4AFA4AAD1EE7CA6700B0E972 /* LaunchScreen.storyboard */; };
/* End PBXBuildFile section */

/* Begin PBXFileReference section */
		4AFA4AA11EE7CA6600B0E972 /* SwiftP.app */ = {isa = PBXFileReference; explicitFileType = wrapper.application; includeInIndex = 0; path = SwiftP.app; sourceTree = BUILT_PRODUCTS_DIR; };
		4AFA4AA41EE7CA6600B0E972 /* AppDelegate.swift */ = {isa = PBXFileReference; lastKnownFileType = sourcecode.swift; path = AppDelegate.swift; sourceTree = "<group>"; };
		4AFA4AA61EE7CA6600B0E972 /* ViewController.swift */ = {isa = PBXFileReference; lastKnownFileType = sourcecode.swift; path = ViewController.swift; sourceTree = "<group>"; };
		4AFA4AA91EE7CA6600B0E972 /* Base */ = {isa = PBXFileReference; lastKnownFileType = file.storyboard; name = Base; path = Base.lproj/Main.storyboard; sourceTree = "<group>"; };
		4AFA4AAB1EE7CA6700B0E972 /* Assets.xcassets */ = {isa = PBXFileReference; lastKnownFileType = folder.assetcatalog; path = Assets.xcassets; sourceTree = "<group>"; };
		4AFA4AAE1EE7CA6700B0E972 /* Base */ = {isa = PBXFileReference; lastKnownFileType = file.storyboard; name = Base; path = Base.lproj/LaunchScreen.storyboard; sourceTree = "<group>"; };
		4AFA4AB01EE7CA6700B0E972 /* Info.plist */ = {isa = PBXFileReference; lastKnownFileType = text.plist.xml; path = Info.plist; sourceTree = "<group>"; };
/* End PBXFileReference section */

/* Begin PBXFrameworksBuildPhase section */
		4AFA4A9E1EE7CA6600B0E972 /* Frameworks */ = {
			isa = PBXFrameworksBuildPhase;
			buildActionMask = 2147483647;
			files = (
			);
			runOnlyForDeploymentPostprocessing = 0;
		};
/* End PBXFrameworksBuildPhase section */

/* Begin PBXGroup section */
		4AFA4A981EE7CA6500B0E972 = {
			isa = PBXGroup;
			children = (
				4AFA4AA31EE7CA6600B0E972 /* SwiftP */,
				4AFA4AA21EE7CA6600B0E972 /* Products */,
			);
			sourceTree = "<group>";
		};
		4AFA4AA21EE7CA6600B0E972 /* Products */ = {
			isa = PBXGroup;
			children = (
				4AFA4AA11EE7CA6600B0E972 /* SwiftP.app */,
			);
			name = Products;
			sourceTree = "<group>";
		};
		4AFA4AA31EE7CA6600B0E972 /* SwiftP */ = {
			isa = PBXGroup;
			children = (
				4AFA4AA41EE7CA6600B0E972 /* AppDelegate.swift */,
				4AFA4AA61EE7CA6600B0E972 /* ViewController.swift */,
				4AFA4AA81EE7CA6600B0E972 /* Main.storyboard */,
				4AFA4AAB1EE7CA6700B0E972 /* Assets.xcassets */,
				4AFA4AAD1EE7CA6700B0E972 /* LaunchScreen.storyboard */,
				4AFA4AB01EE7CA6700B0E972 /* Info.plist */,
			);
			path = SwiftP;
			sourceTree = "<group>";
		};
/* End PBXGroup section */

/* Begin PBXNativeTarget section */
		4AFA4AA01EE7CA6600B0E972 /* SwiftP */ = {
			isa = PBXNativeTarget;
			buildConfigurationList = 4AFA4AB31EE7CA6800B0E972 /* Build configuration list for PBXNativeTarget "SwiftP" */;
			buildPhases = (
				4AFA4A9D1EE7CA6600B0E972 /* Sources */,
				4AFA4A9E1EE7CA6600B0E972 /* Frameworks */,
				4AFA4A9F1EE7CA6600B0E972 /* Resources */,
			);
			buildRules = (
			);
			dependencies = (
			);
			name = SwiftP;
			productName = SwiftP;
			productReference = 4AFA4AA11EE7CA6600B0E972 /* SwiftP.app */;
			productType = "com.apple.product-type.application";
		};
/* End PBXNativeTarget section */

/* Begin PBXProject section */
		4AFA4A991EE7CA6500B0E972 /* Project object */ = {
			isa = PBXProject;
			attributes = {
				LastSwiftUpdateCheck = 0820;
				LastUpgradeCheck = 0820;
				ORGANIZATIONNAME = simplicity;
				TargetAttributes = {
					4AFA4AA01EE7CA6600B0E972 = {
						CreatedOnToolsVersion = 8.2.1;
						DevelopmentTeam = MR2PX4Y62Y;
						ProvisioningStyle = Automatic;
					};
				};
			};
			buildConfigurationList = 4AFA4A9C1EE7CA6500B0E972 /* Build configuration list for PBXProject "SwiftP" */;
			compatibilityVersion = "Xcode 3.2";
			developmentRegion = English;
			hasScannedForEncodings = 0;
			knownRegions = (
				en,
				Base,
			);
			mainGroup = 4AFA4A981EE7CA6500B0E972;
			productRefGroup = 4AFA4AA21EE7CA6600B0E972 /* Products */;
			projectDirPath = "";
			projectRoot = "";
			targets = (
				4AFA4AA01EE7CA6600B0E972 /* SwiftP */,
			);
		};
/* End PBXProject section */

/* Begin PBXResourcesBuildPhase section */
		4AFA4A9F1EE7CA6600B0E972 /* Resources */ = {
			isa = PBXResourcesBuildPhase;
			buildActionMask = 2147483647;
			files = (
				4AFA4AAF1EE7CA6700B0E972 /* LaunchScreen.storyboard in Resources */,
				4AFA4AAC1EE7CA6700B0E972 /* Assets.xcassets in Resources */,
				4AFA4AAA1EE7CA6600B0E972 /* Main.storyboard in Resources */,
			);
			runOnlyForDeploymentPostprocessing = 0;
		};
/* End PBXResourcesBuildPhase section */

/* Begin PBXSourcesBuildPhase section */
		4AFA4A9D1EE7CA6600B0E972 /* Sources */ = {
			isa = PBXSourcesBuildPhase;
			buildActionMask = 2147483647;
			files = (
				4AFA4AA71EE7CA6600B0E972 /* ViewController.swift in Sources */,
				4AFA4AA51EE7CA6600B0E972 /* AppDelegate.swift in Sources */,
			);
			runOnlyForDeploymentPostprocessing = 0;
		};
/* End PBXSourcesBuildPhase section */

/* Begin PBXVariantGroup section */
		4AFA4AA81EE7CA6600B0E972 /* Main.storyboard */ = {
			isa = PBXVariantGroup;
			children = (
				4AFA4AA91EE7CA6600B0E972 /* Base */,
			);
			name = Main.storyboard;
			sourceTree = "<group>";
		};
		4AFA4AAD1EE7CA6700B0E972 /* LaunchScreen.storyboard */ = {
			isa = PBXVariantGroup;
			children = (
				4AFA4AAE1EE7CA6700B0E972 /* Base */,
			);
			name = LaunchScreen.storyboard;
			sourceTree = "<group>";
		};
/* End PBXVariantGroup section */

/* Begin XCBuildConfiguration section */
		4AFA4AB11EE7CA6700B0E972 /* Debug */ = {
			isa = XCBuildConfiguration;
			buildSettings = {
				ALWAYS_SEARCH_USER_PATHS = NO;
				CLANG_ANALYZER_NONNULL = YES;
				CLANG_CXX_LANGUAGE_STANDARD = "gnu++0x";
				CLANG_CXX_LIBRARY = "libc++";
				CLANG_ENABLE_MODULES = YES;
				CLANG_ENABLE_OBJC_ARC = YES;
				CLANG_WARN_BOOL_CONVERSION = YES;
				CLANG_WARN_CONSTANT_CONVERSION = YES;
				CLANG_WARN_DIRECT_OBJC_ISA_USAGE = YES_ERROR;
				CLANG_WARN_DOCUMENTATION_COMMENTS = YES;
				CLANG_WARN_EMPTY_BODY = YES;
				CLANG_WARN_ENUM_CONVERSION = YES;
				CLANG_WARN_INFINITE_RECURSION = YES;
				CLANG_WARN_INT_CONVERSION = YES;
				CLANG_WARN_OBJC_ROOT_CLASS = YES_ERROR;
				CLANG_WARN_SUSPICIOUS_MOVE = YES;
				CLANG_WARN_UNREACHABLE_CODE = YES;
				CLANG_WARN__DUPLICATE_METHOD_MATCH = YES;
				"CODE_SIGN_IDENTITY[sdk=iphoneos*]" = "iPhone Developer";
				COPY_PHASE_STRIP = NO;
				DEBUG_INFORMATION_FORMAT = dwarf;
				ENABLE_STRICT_OBJC_MSGSEND = YES;
				ENABLE_TESTABILITY = YES;
				GCC_C_LANGUAGE_STANDARD = gnu99;
				GCC_DYNAMIC_NO_PIC = NO;
				GCC_NO_COMMON_BLOCKS = YES;
				GCC_OPTIMIZATION_LEVEL = 0;
				GCC_PREPROCESSOR_DEFINITIONS = (
					"DEBUG=1",
					"$(inherited)",
				);
				GCC_WARN_64_TO_32_BIT_CONVERSION = YES;
				GCC_WARN_ABOUT_RETURN_TYPE = YES_ERROR;
				GCC_WARN_UNDECLARED_SELECTOR = YES;
				GCC_WARN_UNINITIALIZED_AUTOS = YES_AGGRESSIVE;
				GCC_WARN_UNUSED_FUNCTION = YES;
				GCC_WARN_UNUSED_VARIABLE = YES;
				IPHONEOS_DEPLOYMENT_TARGET = 10.2;
				MTL_ENABLE_DEBUG_INFO = YES;
				ONLY_ACTIVE_ARCH = YES;
				SDKROOT = iphoneos;
				SWIFT_ACTIVE_COMPILATION_CONDITIONS = DEBUG;
				SWIFT_OPTIMIZATION_LEVEL = "-Onone";
			};
			name = Debug;
		};
		4AFA4AB21EE7CA6700B0E972 /* Release */ = {
			isa = XCBuildConfiguration;
			buildSettings = {
				ALWAYS_SEARCH_USER_PATHS = NO;
				CLANG_ANALYZER_NONNULL = YES;
				CLANG_CXX_LANGUAGE_STANDARD = "gnu++0x";
				CLANG_CXX_LIBRARY = "libc++";
				CLANG_ENABLE_MODULES = YES;
				CLANG_ENABLE_OBJC_ARC = YES;
				CLANG_WARN_BOOL_CONVERSION = YES;
				CLANG_WARN_CONSTANT_CONVERSION = YES;
				CLANG_WARN_DIRECT_OBJC_ISA_USAGE = YES_ERROR;
				CLANG_WARN_DOCUMENTATION_COMMENTS = YES;
				CLANG_WARN_EMPTY_BODY = YES;
				CLANG_WARN_ENUM_CONVERSION = YES;
				CLANG_WARN_INFINITE_RECURSION = YES;
				CLANG_WARN_INT_CONVERSION = YES;
				CLANG_WARN_OBJC_ROOT_CLASS = YES_ERROR;
				CLANG_WARN_SUSPICIOUS_MOVE = YES;
				CLANG_WARN_UNREACHABLE_CODE = YES;
				CLANG_WARN__DUPLICATE_METHOD_MATCH = YES;
				"CODE_SIGN_IDENTITY[sdk=iphoneos*]" = "iPhone Developer";
				COPY_PHASE_STRIP = NO;
				DEBUG_INFORMATION_FORMAT = "dwarf-with-dsym";
				ENABLE_NS_ASSERTIONS = NO;
				ENABLE_STRICT_OBJC_MSGSEND = YES;
				GCC_C_LANGUAGE_STANDARD = gnu99;
				GCC_NO_COMMON_BLOCKS = YES;
				GCC_WARN_64_TO_32_BIT_CONVERSION = YES;
				GCC_WARN_ABOUT_RETURN_TYPE = YES_ERROR;
				GCC_WARN_UNDECLARED_SELECTOR = YES;
				GCC_WARN_UNINITIALIZED_AUTOS = YES_AGGRESSIVE;
				GCC_WARN_UNUSED_FUNCTION = YES;
				GCC_WARN_UNUSED_VARIABLE = YES;
				IPHONEOS_DEPLOYMENT_TARGET = 10.2;
				MTL_ENABLE_DEBUG_INFO = NO;
				SDKROOT = iphoneos;
				SWIFT_OPTIMIZATION_LEVEL = "-Owholemodule";
				VALIDATE_PRODUCT = YES;
			};
			name = Release;
		};
		4AFA4AB41EE7CA6800B0E972 /* Debug */ = {
			isa = XCBuildConfiguration;
			buildSettings = {
				ASSETCATALOG_COMPILER_APPICON_NAME = AppIcon;
				DEVELOPMENT_TEAM = MR2PX4Y62Y;
				INFOPLIST_FILE = SwiftP/Info.plist;
				LD_RUNPATH_SEARCH_PATHS = "$(inherited) @executable_path/Frameworks";
				PRODUCT_BUNDLE_IDENTIFIER = com.test.SwiftP;
				PRODUCT_NAME = "$(TARGET_NAME)";
				SWIFT_VERSION = 3.0;
			};
			name = Debug;
		};
		4AFA4AB51EE7CA6800B0E972 /* Release */ = {
			isa = XCBuildConfiguration;
			buildSettings = {
				ASSETCATALOG_COMPILER_APPICON_NAME = AppIcon;
				DEVELOPMENT_TEAM = MR2PX4Y62Y;
				INFOPLIST_FILE = SwiftP/Info.plist;
				LD_RUNPATH_SEARCH_PATHS = "$(inherited) @executable_path/Frameworks";
				PRODUCT_BUNDLE_IDENTIFIER = com.test.SwiftP;
				PRODUCT_NAME = "$(TARGET_NAME)";
				SWIFT_VERSION = 3.0;
			};
			name = Release;
		};
/* End XCBuildConfiguration section */

/* Begin XCConfigurationList section */
		4AFA4A9C1EE7CA6500B0E972 /* Build configuration list for PBXProject "SwiftP" */ = {
			isa = XCConfigurationList;
			buildConfigurations = (
				4AFA4AB11EE7CA6700B0E972 /* Debug */,
				4AFA4AB21EE7CA6700B0E972 /* Release */,
			);
			defaultConfigurationIsVisible = 0;
			defaultConfigurationName = Release;
		};
		4AFA4AB31EE7CA6800B0E972 /* Build configuration list for PBXNativeTarget "SwiftP" */ = {
			isa = XCConfigurationList;
			buildConfigurations = (
				4AFA4AB41EE7CA6800B0E972 /* Debug */,
				4AFA4AB51EE7CA6800B0E972 /* Release */,
			);
			defaultConfigurationIsVisible = 0;
		};
/* End XCConfigurationList section */
	};
	rootObject = 4AFA4A991EE7CA6500B0E972 /* Project object */;
}
